
Microsoft Visual Studio Solution File, Format Version 12.00
# Visual Studio 15
VisualStudioVersion = 15.0.27428.2005
MinimumVisualStudioVersion = 10.0.40219.1
Project("{FAE04EC0-301F-11D3-BF4B-00C04F79EFBC}") = "Core.EF.Test", "Core.EF.Test\Core.EF.Test.csproj", "{C9D8703B-2C7A-4352-AF10-46E0687437F6}"
EndProject
Project("{FAE04EC0-301F-11D3-BF4B-00C04F79EFBC}") = "Entitys", "Entitys\Entitys.csproj", "{90724891-4B0C-4CA1-8BFB-C8451B266E3A}"
EndProject
Project("{FAE04EC0-301F-11D3-BF4B-00C04F79EFBC}") = "DAL", "DAL\DAL.csproj", "{42E595A1-8256-4A34-8A62-1304125FFCCD}"
EndProject
Global
	GlobalSection(SolutionConfigurationPlatforms) = preSolution
		Debug|Any CPU = Debug|Any CPU
		Release|Any CPU = Release|Any CPU
	EndGlobalSection
	GlobalSection(ProjectConfigurationPlatforms) = postSolution
		{C9D8703B-2C7A-4352-AF10-46E0687437F6}.Debug|Any CPU.ActiveCfg = Debug|Any CPU
		{C9D8703B-2C7A-4352-AF10-46E0687437F6}.Debug|Any CPU.Build.0 = Debug|Any CPU
		{C9D8703B-2C7A-4352-AF10-46E0687437F6}.Release|Any CPU.ActiveCfg = Release|Any CPU
		{C9D8703B-2C7A-4352-AF10-46E0687437F6}.Release|Any CPU.Build.0 = Release|Any CPU
		{90724891-4B0C-4CA1-8BFB-C8451B266E3A}.Debug|Any CPU.ActiveCfg = Debug|Any CPU
		{90724891-4B0C-4CA1-8BFB-C8451B266E3A}.Debug|Any CPU.Build.0 = Debug|Any CPU
		{90724891-4B0C-4CA1-8BFB-C8451B266E3A}.Release|Any CPU.ActiveCfg = Release|Any CPU
		{90724891-4B0C-4CA1-8BFB-C8451B266E3A}.Release|Any CPU.Build.0 = Release|Any CPU
		{42E595A1-8256-4A34-8A62-1304125FFCCD}.Debug|Any CPU.ActiveCfg = Debug|Any CPU
		{42E595A1-8256-4A34-8A62-1304125FFCCD}.Debug|Any CPU.Build.0 = Debug|Any CPU
		{42E595A1-8256-4A34-8A62-1304125FFCCD}.Release|Any CPU.ActiveCfg = Release|Any CPU
		{42E595A1-8256-4A34-8A62-1304125FFCCD}.Release|Any CPU.Build.0 = Release|Any CPU
	EndGlobalSection
	GlobalSection(SolutionProperties) = preSolution
		HideSolutionNode = FALSE
	EndGlobalSection
	GlobalSection(ExtensibilityGlobals) = postSolution
		SolutionGuid = {E90E3F93-50EC-41A1-9064-D7F9C3B2F5DE}
	EndGlobalSection
EndGlobal
